// !$*UTF8*$!
{
	archiveVersion = 1;
	classes = {
	};
	objectVersion = 55;
	objects = {

/* Begin PBXBuildFile section */
		51D508F52906174400016D4C /* FirebaseAnalytics in Frameworks */ = {isa = PBXBuildFile; productRef = 51D508F42906174400016D4C /* FirebaseAnalytics */; };
		51D508F72906174400016D4C /* FirebaseAnalyticsOnDeviceConversion in Frameworks */ = {isa = PBXBuildFile; productRef = 51D508F62906174400016D4C /* FirebaseAnalyticsOnDeviceConversion */; };
		51D508F92906174400016D4C /* FirebaseAnalyticsSwift in Frameworks */ = {isa = PBXBuildFile; productRef = 51D508F82906174400016D4C /* FirebaseAnalyticsSwift */; };
		51D508FB2906174400016D4C /* FirebaseAnalyticsWithoutAdIdSupport in Frameworks */ = {isa = PBXBuildFile; productRef = 51D508FA2906174400016D4C /* FirebaseAnalyticsWithoutAdIdSupport */; };
		51D508FD2906174400016D4C /* FirebaseAppCheck in Frameworks */ = {isa = PBXBuildFile; productRef = 51D508FC2906174400016D4C /* FirebaseAppCheck */; };
		51D508FF2906174400016D4C /* FirebaseAppDistribution-Beta in Frameworks */ = {isa = PBXBuildFile; productRef = 51D508FE2906174400016D4C /* FirebaseAppDistribution-Beta */; };
		51D509012906174400016D4C /* FirebaseAuth in Frameworks */ = {isa = PBXBuildFile; productRef = 51D509002906174400016D4C /* FirebaseAuth */; };
		51D509032906174400016D4C /* FirebaseAuthCombine-Community in Frameworks */ = {isa = PBXBuildFile; productRef = 51D509022906174400016D4C /* FirebaseAuthCombine-Community */; };
		51D509052906174400016D4C /* FirebaseCrashlytics in Frameworks */ = {isa = PBXBuildFile; productRef = 51D509042906174400016D4C /* FirebaseCrashlytics */; };
		51D509072906174400016D4C /* FirebaseDatabase in Frameworks */ = {isa = PBXBuildFile; productRef = 51D509062906174400016D4C /* FirebaseDatabase */; };
		51D509092906174400016D4C /* FirebaseDatabaseSwift in Frameworks */ = {isa = PBXBuildFile; productRef = 51D509082906174400016D4C /* FirebaseDatabaseSwift */; };
		51D5090B2906174400016D4C /* FirebaseDynamicLinks in Frameworks */ = {isa = PBXBuildFile; productRef = 51D5090A2906174400016D4C /* FirebaseDynamicLinks */; };
		51D5090D2906174400016D4C /* FirebaseFirestore in Frameworks */ = {isa = PBXBuildFile; productRef = 51D5090C2906174400016D4C /* FirebaseFirestore */; };
		51D5090F2906174400016D4C /* FirebaseFirestoreCombine-Community in Frameworks */ = {isa = PBXBuildFile; productRef = 51D5090E2906174400016D4C /* FirebaseFirestoreCombine-Community */; };
		51D509112906174400016D4C /* FirebaseFirestoreSwift in Frameworks */ = {isa = PBXBuildFile; productRef = 51D509102906174400016D4C /* FirebaseFirestoreSwift */; };
		51D509132906174400016D4C /* FirebaseFunctions in Frameworks */ = {isa = PBXBuildFile; productRef = 51D509122906174400016D4C /* FirebaseFunctions */; };
		51D509152906174400016D4C /* FirebaseFunctionsCombine-Community in Frameworks */ = {isa = PBXBuildFile; productRef = 51D509142906174400016D4C /* FirebaseFunctionsCombine-Community */; };
		51D509172906174400016D4C /* FirebaseInAppMessaging-Beta in Frameworks */ = {isa = PBXBuildFile; productRef = 51D509162906174400016D4C /* FirebaseInAppMessaging-Beta */; };
		51D509192906174400016D4C /* FirebaseInAppMessagingSwift-Beta in Frameworks */ = {isa = PBXBuildFile; productRef = 51D509182906174400016D4C /* FirebaseInAppMessagingSwift-Beta */; };
		51D5091B2906174400016D4C /* FirebaseInstallations in Frameworks */ = {isa = PBXBuildFile; productRef = 51D5091A2906174400016D4C /* FirebaseInstallations */; };
		51D5091D2906174400016D4C /* FirebaseMLModelDownloader in Frameworks */ = {isa = PBXBuildFile; productRef = 51D5091C2906174400016D4C /* FirebaseMLModelDownloader */; };
		51D5091F2906174400016D4C /* FirebaseMessaging in Frameworks */ = {isa = PBXBuildFile; productRef = 51D5091E2906174400016D4C /* FirebaseMessaging */; };
		51D509212906174400016D4C /* FirebasePerformance in Frameworks */ = {isa = PBXBuildFile; productRef = 51D509202906174400016D4C /* FirebasePerformance */; };
		51D509232906174400016D4C /* FirebaseRemoteConfig in Frameworks */ = {isa = PBXBuildFile; productRef = 51D509222906174400016D4C /* FirebaseRemoteConfig */; };
		51D509252906174400016D4C /* FirebaseRemoteConfigSwift in Frameworks */ = {isa = PBXBuildFile; productRef = 51D509242906174400016D4C /* FirebaseRemoteConfigSwift */; };
		51D509272906174400016D4C /* FirebaseStorage in Frameworks */ = {isa = PBXBuildFile; productRef = 51D509262906174400016D4C /* FirebaseStorage */; };
		51D509292906174400016D4C /* FirebaseStorageCombine-Community in Frameworks */ = {isa = PBXBuildFile; productRef = 51D509282906174400016D4C /* FirebaseStorageCombine-Community */; };
		51F9B74528CEAAF5008CEF18 /* FullFirebaseMapAnnotationsApp.swift in Sources */ = {isa = PBXBuildFile; fileRef = 51F9B74428CEAAF5008CEF18 /* FullFirebaseMapAnnotationsApp.swift */; };
		51F9B74728CEAAF5008CEF18 /* ContentView.swift in Sources */ = {isa = PBXBuildFile; fileRef = 51F9B74628CEAAF5008CEF18 /* ContentView.swift */; };
		51F9B74928CEAAF6008CEF18 /* Assets.xcassets in Resources */ = {isa = PBXBuildFile; fileRef = 51F9B74828CEAAF6008CEF18 /* Assets.xcassets */; };
		51F9B74C28CEAAF6008CEF18 /* Preview Assets.xcassets in Resources */ = {isa = PBXBuildFile; fileRef = 51F9B74B28CEAAF6008CEF18 /* Preview Assets.xcassets */; };
		51F9B75628CEAAF6008CEF18 /* FullFirebaseMapAnnotationsTests.swift in Sources */ = {isa = PBXBuildFile; fileRef = 51F9B75528CEAAF6008CEF18 /* FullFirebaseMapAnnotationsTests.swift */; };
		51F9B76028CEAAF6008CEF18 /* FullFirebaseMapAnnotationsUITests.swift in Sources */ = {isa = PBXBuildFile; fileRef = 51F9B75F28CEAAF6008CEF18 /* FullFirebaseMapAnnotationsUITests.swift */; };
		51F9B76228CEAAF6008CEF18 /* FullFirebaseMapAnnotationsUITestsLaunchTests.swift in Sources */ = {isa = PBXBuildFile; fileRef = 51F9B76128CEAAF6008CEF18 /* FullFirebaseMapAnnotationsUITestsLaunchTests.swift */; };
		51F9B77C28CEAC6D008CEF18 /* CustomFirebaseService.swift in Sources */ = {isa = PBXBuildFile; fileRef = 51F9B77B28CEAC6D008CEF18 /* CustomFirebaseService.swift */; };
		51F9B77E28CEAD03008CEF18 /* ListFirebaseView.swift in Sources */ = {isa = PBXBuildFile; fileRef = 51F9B77D28CEAD03008CEF18 /* ListFirebaseView.swift */; };
/* End PBXBuildFile section */

/* Begin PBXContainerItemProxy section */
		51F9B75228CEAAF6008CEF18 /* PBXContainerItemProxy */ = {
			isa = PBXContainerItemProxy;
			containerPortal = 51F9B73928CEAAF5008CEF18 /* Project object */;
			proxyType = 1;
			remoteGlobalIDString = 51F9B74028CEAAF5008CEF18;
			remoteInfo = FullFirebaseMapAnnotations;
		};
		51F9B75C28CEAAF6008CEF18 /* PBXContainerItemProxy */ = {
			isa = PBXContainerItemProxy;
			containerPortal = 51F9B73928CEAAF5008CEF18 /* Project object */;
			proxyType = 1;
			remoteGlobalIDString = 51F9B74028CEAAF5008CEF18;
			remoteInfo = FullFirebaseMapAnnotations;
		};
/* End PBXContainerItemProxy section */

/* Begin PBXFileReference section */
		51F9B74128CEAAF5008CEF18 /* FullFirebaseMapAnnotations.app */ = {isa = PBXFileReference; explicitFileType = wrapper.application; includeInIndex = 0; path = FullFirebaseMapAnnotations.app; sourceTree = BUILT_PRODUCTS_DIR; };
		51F9B74428CEAAF5008CEF18 /* FullFirebaseMapAnnotationsApp.swift */ = {isa = PBXFileReference; lastKnownFileType = sourcecode.swift; path = FullFirebaseMapAnnotationsApp.swift; sourceTree = "<group>"; };
		51F9B74628CEAAF5008CEF18 /* ContentView.swift */ = {isa = PBXFileReference; lastKnownFileType = sourcecode.swift; path = ContentView.swift; sourceTree = "<group>"; };
		51F9B74828CEAAF6008CEF18 /* Assets.xcassets */ = {isa = PBXFileReference; lastKnownFileType = folder.assetcatalog; path = Assets.xcassets; sourceTree = "<group>"; };
		51F9B74B28CEAAF6008CEF18 /* Preview Assets.xcassets */ = {isa = PBXFileReference; lastKnownFileType = folder.assetcatalog; path = "Preview Assets.xcassets"; sourceTree = "<group>"; };
		51F9B75128CEAAF6008CEF18 /* FullFirebaseMapAnnotationsTests.xctest */ = {isa = PBXFileReference; explicitFileType = wrapper.cfbundle; includeInIndex = 0; path = FullFirebaseMapAnnotationsTests.xctest; sourceTree = BUILT_PRODUCTS_DIR; };
		51F9B75528CEAAF6008CEF18 /* FullFirebaseMapAnnotationsTests.swift */ = {isa = PBXFileReference; lastKnownFileType = sourcecode.swift; path = FullFirebaseMapAnnotationsTests.swift; sourceTree = "<group>"; };
		51F9B75B28CEAAF6008CEF18 /* FullFirebaseMapAnnotationsUITests.xctest */ = {isa = PBXFileReference; explicitFileType = wrapper.cfbundle; includeInIndex = 0; path = FullFirebaseMapAnnotationsUITests.xctest; sourceTree = BUILT_PRODUCTS_DIR; };
		51F9B75F28CEAAF6008CEF18 /* FullFirebaseMapAnnotationsUITests.swift */ = {isa = PBXFileReference; lastKnownFileType = sourcecode.swift; path = FullFirebaseMapAnnotationsUITests.swift; sourceTree = "<group>"; };
		51F9B76128CEAAF6008CEF18 /* FullFirebaseMapAnnotationsUITestsLaunchTests.swift */ = {isa = PBXFileReference; lastKnownFileType = sourcecode.swift; path = FullFirebaseMapAnnotationsUITestsLaunchTests.swift; sourceTree = "<group>"; };
		51F9B77B28CEAC6D008CEF18 /* CustomFirebaseService.swift */ = {isa = PBXFileReference; lastKnownFileType = sourcecode.swift; path = CustomFirebaseService.swift; sourceTree = "<group>"; };
		51F9B77D28CEAD03008CEF18 /* ListFirebaseView.swift */ = {isa = PBXFileReference; lastKnownFileType = sourcecode.swift; path = ListFirebaseView.swift; sourceTree = "<group>"; };
/* End PBXFileReference section */

/* Begin PBXFrameworksBuildPhase section */
		51F9B73E28CEAAF5008CEF18 /* Frameworks */ = {
			isa = PBXFrameworksBuildPhase;
			buildActionMask = 2147483647;
			files = (
				51D509072906174400016D4C /* FirebaseDatabase in Frameworks */,
				51D509152906174400016D4C /* FirebaseFunctionsCombine-Community in Frameworks */,
				51D5090D2906174400016D4C /* FirebaseFirestore in Frameworks */,
				51D508F92906174400016D4C /* FirebaseAnalyticsSwift in Frameworks */,
				51D508F52906174400016D4C /* FirebaseAnalytics in Frameworks */,
				51D508F72906174400016D4C /* FirebaseAnalyticsOnDeviceConversion in Frameworks */,
				51D5091D2906174400016D4C /* FirebaseMLModelDownloader in Frameworks */,
				51D509112906174400016D4C /* FirebaseFirestoreSwift in Frameworks */,
				51D508FD2906174400016D4C /* FirebaseAppCheck in Frameworks */,
				51D508FB2906174400016D4C /* FirebaseAnalyticsWithoutAdIdSupport in Frameworks */,
				51D509012906174400016D4C /* FirebaseAuth in Frameworks */,
				51D509052906174400016D4C /* FirebaseCrashlytics in Frameworks */,
				51D509252906174400016D4C /* FirebaseRemoteConfigSwift in Frameworks */,
				51D509172906174400016D4C /* FirebaseInAppMessaging-Beta in Frameworks */,
				51D509092906174400016D4C /* FirebaseDatabaseSwift in Frameworks */,
				51D509132906174400016D4C /* FirebaseFunctions in Frameworks */,
				51D509292906174400016D4C /* FirebaseStorageCombine-Community in Frameworks */,
				51D509232906174400016D4C /* FirebaseRemoteConfig in Frameworks */,
				51D508FF2906174400016D4C /* FirebaseAppDistribution-Beta in Frameworks */,
				51D509032906174400016D4C /* FirebaseAuthCombine-Community in Frameworks */,
				51D509212906174400016D4C /* FirebasePerformance in Frameworks */,
				51D509192906174400016D4C /* FirebaseInAppMessagingSwift-Beta in Frameworks */,
				51D509272906174400016D4C /* FirebaseStorage in Frameworks */,
				51D5090B2906174400016D4C /* FirebaseDynamicLinks in Frameworks */,
				51D5090F2906174400016D4C /* FirebaseFirestoreCombine-Community in Frameworks */,
				51D5091F2906174400016D4C /* FirebaseMessaging in Frameworks */,
				51D5091B2906174400016D4C /* FirebaseInstallations in Frameworks */,
			);
			runOnlyForDeploymentPostprocessing = 0;
		};
		51F9B74E28CEAAF6008CEF18 /* Frameworks */ = {
			isa = PBXFrameworksBuildPhase;
			buildActionMask = 2147483647;
			files = (
			);
			runOnlyForDeploymentPostprocessing = 0;
		};
		51F9B75828CEAAF6008CEF18 /* Frameworks */ = {
			isa = PBXFrameworksBuildPhase;
			buildActionMask = 2147483647;
			files = (
			);
			runOnlyForDeploymentPostprocessing = 0;
		};
/* End PBXFrameworksBuildPhase section */

/* Begin PBXGroup section */
		51F9B73828CEAAF5008CEF18 = {
			isa = PBXGroup;
			children = (
				51F9B74328CEAAF5008CEF18 /* FullFirebaseMapAnnotations */,
				51F9B75428CEAAF6008CEF18 /* FullFirebaseMapAnnotationsTests */,
				51F9B75E28CEAAF6008CEF18 /* FullFirebaseMapAnnotationsUITests */,
				51F9B74228CEAAF5008CEF18 /* Products */,
			);
			sourceTree = "<group>";
		};
		51F9B74228CEAAF5008CEF18 /* Products */ = {
			isa = PBXGroup;
			children = (
				51F9B74128CEAAF5008CEF18 /* FullFirebaseMapAnnotations.app */,
				51F9B75128CEAAF6008CEF18 /* FullFirebaseMapAnnotationsTests.xctest */,
				51F9B75B28CEAAF6008CEF18 /* FullFirebaseMapAnnotationsUITests.xctest */,
			);
			name = Products;
			sourceTree = "<group>";
		};
		51F9B74328CEAAF5008CEF18 /* FullFirebaseMapAnnotations */ = {
			isa = PBXGroup;
			children = (
				51F9B74428CEAAF5008CEF18 /* FullFirebaseMapAnnotationsApp.swift */,
				51F9B74628CEAAF5008CEF18 /* ContentView.swift */,
				51F9B77D28CEAD03008CEF18 /* ListFirebaseView.swift */,
				51F9B77B28CEAC6D008CEF18 /* CustomFirebaseService.swift */,
				51F9B74828CEAAF6008CEF18 /* Assets.xcassets */,
				51F9B74A28CEAAF6008CEF18 /* Preview Content */,
			);
			path = FullFirebaseMapAnnotations;
			sourceTree = "<group>";
		};
		51F9B74A28CEAAF6008CEF18 /* Preview Content */ = {
			isa = PBXGroup;
			children = (
				51F9B74B28CEAAF6008CEF18 /* Preview Assets.xcassets */,
			);
			path = "Preview Content";
			sourceTree = "<group>";
		};
		51F9B75428CEAAF6008CEF18 /* FullFirebaseMapAnnotationsTests */ = {
			isa = PBXGroup;
			children = (
				51F9B75528CEAAF6008CEF18 /* FullFirebaseMapAnnotationsTests.swift */,
			);
			path = FullFirebaseMapAnnotationsTests;
			sourceTree = "<group>";
		};
		51F9B75E28CEAAF6008CEF18 /* FullFirebaseMapAnnotationsUITests */ = {
			isa = PBXGroup;
			children = (
				51F9B75F28CEAAF6008CEF18 /* FullFirebaseMapAnnotationsUITests.swift */,
				51F9B76128CEAAF6008CEF18 /* FullFirebaseMapAnnotationsUITestsLaunchTests.swift */,
			);
			path = FullFirebaseMapAnnotationsUITests;
			sourceTree = "<group>";
		};
/* End PBXGroup section */

/* Begin PBXNativeTarget section */
		51F9B74028CEAAF5008CEF18 /* FullFirebaseMapAnnotations */ = {
			isa = PBXNativeTarget;
			buildConfigurationList = 51F9B76528CEAAF6008CEF18 /* Build configuration list for PBXNativeTarget "FullFirebaseMapAnnotations" */;
			buildPhases = (
				51F9B73D28CEAAF5008CEF18 /* Sources */,
				51F9B73E28CEAAF5008CEF18 /* Frameworks */,
				51F9B73F28CEAAF5008CEF18 /* Resources */,
			);
			buildRules = (
			);
			dependencies = (
			);
			name = FullFirebaseMapAnnotations;
			packageProductDependencies = (
				51D508F42906174400016D4C /* FirebaseAnalytics */,
				51D508F62906174400016D4C /* FirebaseAnalyticsOnDeviceConversion */,
				51D508F82906174400016D4C /* FirebaseAnalyticsSwift */,
				51D508FA2906174400016D4C /* FirebaseAnalyticsWithoutAdIdSupport */,
				51D508FC2906174400016D4C /* FirebaseAppCheck */,
				51D508FE2906174400016D4C /* FirebaseAppDistribution-Beta */,
				51D509002906174400016D4C /* FirebaseAuth */,
				51D509022906174400016D4C /* FirebaseAuthCombine-Community */,
				51D509042906174400016D4C /* FirebaseCrashlytics */,
				51D509062906174400016D4C /* FirebaseDatabase */,
				51D509082906174400016D4C /* FirebaseDatabaseSwift */,
				51D5090A2906174400016D4C /* FirebaseDynamicLinks */,
				51D5090C2906174400016D4C /* FirebaseFirestore */,
				51D5090E2906174400016D4C /* FirebaseFirestoreCombine-Community */,
				51D509102906174400016D4C /* FirebaseFirestoreSwift */,
				51D509122906174400016D4C /* FirebaseFunctions */,
				51D509142906174400016D4C /* FirebaseFunctionsCombine-Community */,
				51D509162906174400016D4C /* FirebaseInAppMessaging-Beta */,
				51D509182906174400016D4C /* FirebaseInAppMessagingSwift-Beta */,
				51D5091A2906174400016D4C /* FirebaseInstallations */,
				51D5091C2906174400016D4C /* FirebaseMLModelDownloader */,
				51D5091E2906174400016D4C /* FirebaseMessaging */,
				51D509202906174400016D4C /* FirebasePerformance */,
				51D509222906174400016D4C /* FirebaseRemoteConfig */,
				51D509242906174400016D4C /* FirebaseRemoteConfigSwift */,
				51D509262906174400016D4C /* FirebaseStorage */,
				51D509282906174400016D4C /* FirebaseStorageCombine-Community */,
			);
			productName = FullFirebaseMapAnnotations;
			productReference = 51F9B74128CEAAF5008CEF18 /* FullFirebaseMapAnnotations.app */;
			productType = "com.apple.product-type.application";
		};
		51F9B75028CEAAF6008CEF18 /* FullFirebaseMapAnnotationsTests */ = {
			isa = PBXNativeTarget;
			buildConfigurationList = 51F9B76828CEAAF6008CEF18 /* Build configuration list for PBXNativeTarget "FullFirebaseMapAnnotationsTests" */;
			buildPhases = (
				51F9B74D28CEAAF6008CEF18 /* Sources */,
				51F9B74E28CEAAF6008CEF18 /* Frameworks */,
				51F9B74F28CEAAF6008CEF18 /* Resources */,
			);
			buildRules = (
			);
			dependencies = (
				51F9B75328CEAAF6008CEF18 /* PBXTargetDependency */,
			);
			name = FullFirebaseMapAnnotationsTests;
			productName = FullFirebaseMapAnnotationsTests;
			productReference = 51F9B75128CEAAF6008CEF18 /* FullFirebaseMapAnnotationsTests.xctest */;
			productType = "com.apple.product-type.bundle.unit-test";
		};
		51F9B75A28CEAAF6008CEF18 /* FullFirebaseMapAnnotationsUITests */ = {
			isa = PBXNativeTarget;
			buildConfigurationList = 51F9B76B28CEAAF6008CEF18 /* Build configuration list for PBXNativeTarget "FullFirebaseMapAnnotationsUITests" */;
			buildPhases = (
				51F9B75728CEAAF6008CEF18 /* Sources */,
				51F9B75828CEAAF6008CEF18 /* Frameworks */,
				51F9B75928CEAAF6008CEF18 /* Resources */,
			);
			buildRules = (
			);
			dependencies = (
				51F9B75D28CEAAF6008CEF18 /* PBXTargetDependency */,
			);
			name = FullFirebaseMapAnnotationsUITests;
			productName = FullFirebaseMapAnnotationsUITests;
			productReference = 51F9B75B28CEAAF6008CEF18 /* FullFirebaseMapAnnotationsUITests.xctest */;
			productType = "com.apple.product-type.bundle.ui-testing";
		};
/* End PBXNativeTarget section */

/* Begin PBXProject section */
		51F9B73928CEAAF5008CEF18 /* Project object */ = {
			isa = PBXProject;
			attributes = {
				BuildIndependentTargetsInParallel = 1;
				LastSwiftUpdateCheck = 1340;
				LastUpgradeCheck = 1340;
				TargetAttributes = {
					51F9B74028CEAAF5008CEF18 = {
						CreatedOnToolsVersion = 13.4.1;
					};
					51F9B75028CEAAF6008CEF18 = {
						CreatedOnToolsVersion = 13.4.1;
						TestTargetID = 51F9B74028CEAAF5008CEF18;
					};
					51F9B75A28CEAAF6008CEF18 = {
						CreatedOnToolsVersion = 13.4.1;
						TestTargetID = 51F9B74028CEAAF5008CEF18;
					};
				};
			};
			buildConfigurationList = 51F9B73C28CEAAF5008CEF18 /* Build configuration list for PBXProject "FullFirebaseMapAnnotations" */;
			compatibilityVersion = "Xcode 13.0";
			developmentRegion = en;
			hasScannedForEncodings = 0;
			knownRegions = (
				en,
				Base,
			);
			mainGroup = 51F9B73828CEAAF5008CEF18;
			packageReferences = (
				51D508F32906174400016D4C /* XCRemoteSwiftPackageReference "firebase-ios-sdk" */,
			);
			productRefGroup = 51F9B74228CEAAF5008CEF18 /* Products */;
			projectDirPath = "";
			projectRoot = "";
			targets = (
				51F9B74028CEAAF5008CEF18 /* FullFirebaseMapAnnotations */,
				51F9B75028CEAAF6008CEF18 /* FullFirebaseMapAnnotationsTests */,
				51F9B75A28CEAAF6008CEF18 /* FullFirebaseMapAnnotationsUITests */,
			);
		};
/* End PBXProject section */

/* Begin PBXResourcesBuildPhase section */
		51F9B73F28CEAAF5008CEF18 /* Resources */ = {
			isa = PBXResourcesBuildPhase;
			buildActionMask = 2147483647;
			files = (
				51F9B74C28CEAAF6008CEF18 /* Preview Assets.xcassets in Resources */,
				51F9B74928CEAAF6008CEF18 /* Assets.xcassets in Resources */,
			);
			runOnlyForDeploymentPostprocessing = 0;
		};
		51F9B74F28CEAAF6008CEF18 /* Resources */ = {
			isa = PBXResourcesBuildPhase;
			buildActionMask = 2147483647;
			files = (
			);
			runOnlyForDeploymentPostprocessing = 0;
		};
		51F9B75928CEAAF6008CEF18 /* Resources */ = {
			isa = PBXResourcesBuildPhase;
			buildActionMask = 2147483647;
			files = (
			);
			runOnlyForDeploymentPostprocessing = 0;
		};
/* End PBXResourcesBuildPhase section */

/* Begin PBXSourcesBuildPhase section */
		51F9B73D28CEAAF5008CEF18 /* Sources */ = {
			isa = PBXSourcesBuildPhase;
			buildActionMask = 2147483647;
			files = (
				51F9B74728CEAAF5008CEF18 /* ContentView.swift in Sources */,
				51F9B77E28CEAD03008CEF18 /* ListFirebaseView.swift in Sources */,
				51F9B77C28CEAC6D008CEF18 /* CustomFirebaseService.swift in Sources */,
				51F9B74528CEAAF5008CEF18 /* FullFirebaseMapAnnotationsApp.swift in Sources */,
			);
			runOnlyForDeploymentPostprocessing = 0;
		};
		51F9B74D28CEAAF6008CEF18 /* Sources */ = {
			isa = PBXSourcesBuildPhase;
			buildActionMask = 2147483647;
			files = (
				51F9B75628CEAAF6008CEF18 /* FullFirebaseMapAnnotationsTests.swift in Sources */,
			);
			runOnlyForDeploymentPostprocessing = 0;
		};
		51F9B75728CEAAF6008CEF18 /* Sources */ = {
			isa = PBXSourcesBuildPhase;
			buildActionMask = 2147483647;
			files = (
				51F9B76228CEAAF6008CEF18 /* FullFirebaseMapAnnotationsUITestsLaunchTests.swift in Sources */,
				51F9B76028CEAAF6008CEF18 /* FullFirebaseMapAnnotationsUITests.swift in Sources */,
			);
			runOnlyForDeploymentPostprocessing = 0;
		};
/* End PBXSourcesBuildPhase section */

/* Begin PBXTargetDependency section */
		51F9B75328CEAAF6008CEF18 /* PBXTargetDependency */ = {
			isa = PBXTargetDependency;
			target = 51F9B74028CEAAF5008CEF18 /* FullFirebaseMapAnnotations */;
			targetProxy = 51F9B75228CEAAF6008CEF18 /* PBXContainerItemProxy */;
		};
		51F9B75D28CEAAF6008CEF18 /* PBXTargetDependency */ = {
			isa = PBXTargetDependency;
			target = 51F9B74028CEAAF5008CEF18 /* FullFirebaseMapAnnotations */;
			targetProxy = 51F9B75C28CEAAF6008CEF18 /* PBXContainerItemProxy */;
		};
/* End PBXTargetDependency section */

/* Begin XCBuildConfiguration section */
		51F9B76328CEAAF6008CEF18 /* Debug */ = {
			isa = XCBuildConfiguration;
			buildSettings = {
				ALWAYS_SEARCH_USER_PATHS = NO;
				CLANG_ANALYZER_NONNULL = YES;
				CLANG_ANALYZER_NUMBER_OBJECT_CONVERSION = YES_AGGRESSIVE;
				CLANG_CXX_LANGUAGE_STANDARD = "gnu++17";
				CLANG_ENABLE_MODULES = YES;
				CLANG_ENABLE_OBJC_ARC = YES;
				CLANG_ENABLE_OBJC_WEAK = YES;
				CLANG_WARN_BLOCK_CAPTURE_AUTORELEASING = YES;
				CLANG_WARN_BOOL_CONVERSION = YES;
				CLANG_WARN_COMMA = YES;
				CLANG_WARN_CONSTANT_CONVERSION = YES;
				CLANG_WARN_DEPRECATED_OBJC_IMPLEMENTATIONS = YES;
				CLANG_WARN_DIRECT_OBJC_ISA_USAGE = YES_ERROR;
				CLANG_WARN_DOCUMENTATION_COMMENTS = YES;
				CLANG_WARN_EMPTY_BODY = YES;
				CLANG_WARN_ENUM_CONVERSION = YES;
				CLANG_WARN_INFINITE_RECURSION = YES;
				CLANG_WARN_INT_CONVERSION = YES;
				CLANG_WARN_NON_LITERAL_NULL_CONVERSION = YES;
				CLANG_WARN_OBJC_IMPLICIT_RETAIN_SELF = YES;
				CLANG_WARN_OBJC_LITERAL_CONVERSION = YES;
				CLANG_WARN_OBJC_ROOT_CLASS = YES_ERROR;
				CLANG_WARN_QUOTED_INCLUDE_IN_FRAMEWORK_HEADER = YES;
				CLANG_WARN_RANGE_LOOP_ANALYSIS = YES;
				CLANG_WARN_STRICT_PROTOTYPES = YES;
				CLANG_WARN_SUSPICIOUS_MOVE = YES;
				CLANG_WARN_UNGUARDED_AVAILABILITY = YES_AGGRESSIVE;
				CLANG_WARN_UNREACHABLE_CODE = YES;
				CLANG_WARN__DUPLICATE_METHOD_MATCH = YES;
				COPY_PHASE_STRIP = NO;
				DEBUG_INFORMATION_FORMAT = dwarf;
				ENABLE_STRICT_OBJC_MSGSEND = YES;
				ENABLE_TESTABILITY = YES;
				GCC_C_LANGUAGE_STANDARD = gnu11;
				GCC_DYNAMIC_NO_PIC = NO;
				GCC_NO_COMMON_BLOCKS = YES;
				GCC_OPTIMIZATION_LEVEL = 0;
				GCC_PREPROCESSOR_DEFINITIONS = (
					"DEBUG=1",
					"$(inherited)",
				);
				GCC_WARN_64_TO_32_BIT_CONVERSION = YES;
				GCC_WARN_ABOUT_RETURN_TYPE = YES_ERROR;
				GCC_WARN_UNDECLARED_SELECTOR = YES;
				GCC_WARN_UNINITIALIZED_AUTOS = YES_AGGRESSIVE;
				GCC_WARN_UNUSED_FUNCTION = YES;
				GCC_WARN_UNUSED_VARIABLE = YES;
				IPHONEOS_DEPLOYMENT_TARGET = 15.5;
				MTL_ENABLE_DEBUG_INFO = INCLUDE_SOURCE;
				MTL_FAST_MATH = YES;
				ONLY_ACTIVE_ARCH = YES;
				SDKROOT = iphoneos;
				SWIFT_ACTIVE_COMPILATION_CONDITIONS = DEBUG;
				SWIFT_OPTIMIZATION_LEVEL = "-Onone";
			};
			name = Debug;
		};
		51F9B76428CEAAF6008CEF18 /* Release */ = {
			isa = XCBuildConfiguration;
			buildSettings = {
				ALWAYS_SEARCH_USER_PATHS = NO;
				CLANG_ANALYZER_NONNULL = YES;
				CLANG_ANALYZER_NUMBER_OBJECT_CONVERSION = YES_AGGRESSIVE;
				CLANG_CXX_LANGUAGE_STANDARD = "gnu++17";
				CLANG_ENABLE_MODULES = YES;
				CLANG_ENABLE_OBJC_ARC = YES;
				CLANG_ENABLE_OBJC_WEAK = YES;
				CLANG_WARN_BLOCK_CAPTURE_AUTORELEASING = YES;
				CLANG_WARN_BOOL_CONVERSION = YES;
				CLANG_WARN_COMMA = YES;
				CLANG_WARN_CONSTANT_CONVERSION = YES;
				CLANG_WARN_DEPRECATED_OBJC_IMPLEMENTATIONS = YES;
				CLANG_WARN_DIRECT_OBJC_ISA_USAGE = YES_ERROR;
				CLANG_WARN_DOCUMENTATION_COMMENTS = YES;
				CLANG_WARN_EMPTY_BODY = YES;
				CLANG_WARN_ENUM_CONVERSION = YES;
				CLANG_WARN_INFINITE_RECURSION = YES;
				CLANG_WARN_INT_CONVERSION = YES;
				CLANG_WARN_NON_LITERAL_NULL_CONVERSION = YES;
				CLANG_WARN_OBJC_IMPLICIT_RETAIN_SELF = YES;
				CLANG_WARN_OBJC_LITERAL_CONVERSION = YES;
				CLANG_WARN_OBJC_ROOT_CLASS = YES_ERROR;
				CLANG_WARN_QUOTED_INCLUDE_IN_FRAMEWORK_HEADER = YES;
				CLANG_WARN_RANGE_LOOP_ANALYSIS = YES;
				CLANG_WARN_STRICT_PROTOTYPES = YES;
				CLANG_WARN_SUSPICIOUS_MOVE = YES;
				CLANG_WARN_UNGUARDED_AVAILABILITY = YES_AGGRESSIVE;
				CLANG_WARN_UNREACHABLE_CODE = YES;
				CLANG_WARN__DUPLICATE_METHOD_MATCH = YES;
				COPY_PHASE_STRIP = NO;
				DEBUG_INFORMATION_FORMAT = "dwarf-with-dsym";
				ENABLE_NS_ASSERTIONS = NO;
				ENABLE_STRICT_OBJC_MSGSEND = YES;
				GCC_C_LANGUAGE_STANDARD = gnu11;
				GCC_NO_COMMON_BLOCKS = YES;
				GCC_WARN_64_TO_32_BIT_CONVERSION = YES;
				GCC_WARN_ABOUT_RETURN_TYPE = YES_ERROR;
				GCC_WARN_UNDECLARED_SELECTOR = YES;
				GCC_WARN_UNINITIALIZED_AUTOS = YES_AGGRESSIVE;
				GCC_WARN_UNUSED_FUNCTION = YES;
				GCC_WARN_UNUSED_VARIABLE = YES;
				IPHONEOS_DEPLOYMENT_TARGET = 15.5;
				MTL_ENABLE_DEBUG_INFO = NO;
				MTL_FAST_MATH = YES;
				SDKROOT = iphoneos;
				SWIFT_COMPILATION_MODE = wholemodule;
				SWIFT_OPTIMIZATION_LEVEL = "-O";
				VALIDATE_PRODUCT = YES;
			};
			name = Release;
		};
		51F9B76628CEAAF6008CEF18 /* Debug */ = {
			isa = XCBuildConfiguration;
			buildSettings = {
				ASSETCATALOG_COMPILER_APPICON_NAME = AppIcon;
				ASSETCATALOG_COMPILER_GLOBAL_ACCENT_COLOR_NAME = AccentColor;
				CODE_SIGN_STYLE = Automatic;
				CURRENT_PROJECT_VERSION = 1;
				DEVELOPMENT_ASSET_PATHS = "\"FullFirebaseMapAnnotations/Preview Content\"";
				DEVELOPMENT_TEAM = 7Y9NDQ7P65;
				ENABLE_PREVIEWS = YES;
				GENERATE_INFOPLIST_FILE = YES;
				INFOPLIST_KEY_UIApplicationSceneManifest_Generation = YES;
				INFOPLIST_KEY_UIApplicationSupportsIndirectInputEvents = YES;
				INFOPLIST_KEY_UILaunchScreen_Generation = YES;
				INFOPLIST_KEY_UISupportedInterfaceOrientations_iPad = "UIInterfaceOrientationPortrait UIInterfaceOrientationPortraitUpsideDown UIInterfaceOrientationLandscapeLeft UIInterfaceOrientationLandscapeRight";
				INFOPLIST_KEY_UISupportedInterfaceOrientations_iPhone = "UIInterfaceOrientationPortrait UIInterfaceOrientationLandscapeLeft UIInterfaceOrientationLandscapeRight";
				LD_RUNPATH_SEARCH_PATHS = (
					"$(inherited)",
					"@executable_path/Frameworks",
				);
				MARKETING_VERSION = 1.0;
				PRODUCT_BUNDLE_IDENTIFIER = anishRangdal.FullFirebaseMapAnnotations;
				PRODUCT_NAME = "$(TARGET_NAME)";
				SWIFT_EMIT_LOC_STRINGS = YES;
				SWIFT_VERSION = 5.0;
				TARGETED_DEVICE_FAMILY = "1,2";
			};
			name = Debug;
		};
		51F9B76728CEAAF6008CEF18 /* Release */ = {
			isa = XCBuildConfiguration;
			buildSettings = {
				ASSETCATALOG_COMPILER_APPICON_NAME = AppIcon;
				ASSETCATALOG_COMPILER_GLOBAL_ACCENT_COLOR_NAME = AccentColor;
				CODE_SIGN_STYLE = Automatic;
				CURRENT_PROJECT_VERSION = 1;
				DEVELOPMENT_ASSET_PATHS = "\"FullFirebaseMapAnnotations/Preview Content\"";
				DEVELOPMENT_TEAM = 7Y9NDQ7P65;
				ENABLE_PREVIEWS = YES;
				GENERATE_INFOPLIST_FILE = YES;
				INFOPLIST_KEY_UIApplicationSceneManifest_Generation = YES;
				INFOPLIST_KEY_UIApplicationSupportsIndirectInputEvents = YES;
				INFOPLIST_KEY_UILaunchScreen_Generation = YES;
				INFOPLIST_KEY_UISupportedInterfaceOrientations_iPad = "UIInterfaceOrientationPortrait UIInterfaceOrientationPortraitUpsideDown UIInterfaceOrientationLandscapeLeft UIInterfaceOrientationLandscapeRight";
				INFOPLIST_KEY_UISupportedInterfaceOrientations_iPhone = "UIInterfaceOrientationPortrait UIInterfaceOrientationLandscapeLeft UIInterfaceOrientationLandscapeRight";
				LD_RUNPATH_SEARCH_PATHS = (
					"$(inherited)",
					"@executable_path/Frameworks",
				);
				MARKETING_VERSION = 1.0;
				PRODUCT_BUNDLE_IDENTIFIER = anishRangdal.FullFirebaseMapAnnotations;
				PRODUCT_NAME = "$(TARGET_NAME)";
				SWIFT_EMIT_LOC_STRINGS = YES;
				SWIFT_VERSION = 5.0;
				TARGETED_DEVICE_FAMILY = "1,2";
			};
			name = Release;
		};
		51F9B76928CEAAF6008CEF18 /* Debug */ = {
			isa = XCBuildConfiguration;
			buildSettings = {
				ALWAYS_EMBED_SWIFT_STANDARD_LIBRARIES = YES;
				BUNDLE_LOADER = "$(TEST_HOST)";
				CODE_SIGN_STYLE = Automatic;
				CURRENT_PROJECT_VERSION = 1;
				DEVELOPMENT_TEAM = 7Y9NDQ7P65;
				GENERATE_INFOPLIST_FILE = YES;
				IPHONEOS_DEPLOYMENT_TARGET = 15.5;
				MARKETING_VERSION = 1.0;
				PRODUCT_BUNDLE_IDENTIFIER = anishRangdal.FullFirebaseMapAnnotationsTests;
				PRODUCT_NAME = "$(TARGET_NAME)";
				SWIFT_EMIT_LOC_STRINGS = NO;
				SWIFT_VERSION = 5.0;
				TARGETED_DEVICE_FAMILY = "1,2";
				TEST_HOST = "$(BUILT_PRODUCTS_DIR)/FullFirebaseMapAnnotations.app/FullFirebaseMapAnnotations";
			};
			name = Debug;
		};
		51F9B76A28CEAAF6008CEF18 /* Release */ = {
			isa = XCBuildConfiguration;
			buildSettings = {
				ALWAYS_EMBED_SWIFT_STANDARD_LIBRARIES = YES;
				BUNDLE_LOADER = "$(TEST_HOST)";
				CODE_SIGN_STYLE = Automatic;
				CURRENT_PROJECT_VERSION = 1;
				DEVELOPMENT_TEAM = 7Y9NDQ7P65;
				GENERATE_INFOPLIST_FILE = YES;
				IPHONEOS_DEPLOYMENT_TARGET = 15.5;
				MARKETING_VERSION = 1.0;
				PRODUCT_BUNDLE_IDENTIFIER = anishRangdal.FullFirebaseMapAnnotationsTests;
				PRODUCT_NAME = "$(TARGET_NAME)";
				SWIFT_EMIT_LOC_STRINGS = NO;
				SWIFT_VERSION = 5.0;
				TARGETED_DEVICE_FAMILY = "1,2";
				TEST_HOST = "$(BUILT_PRODUCTS_DIR)/FullFirebaseMapAnnotations.app/FullFirebaseMapAnnotations";
			};
			name = Release;
		};
		51F9B76C28CEAAF6008CEF18 /* Debug */ = {
			isa = XCBuildConfiguration;
			buildSettings = {
				ALWAYS_EMBED_SWIFT_STANDARD_LIBRARIES = YES;
				CODE_SIGN_STYLE = Automatic;
				CURRENT_PROJECT_VERSION = 1;
				DEVELOPMENT_TEAM = 7Y9NDQ7P65;
				GENERATE_INFOPLIST_FILE = YES;
				MARKETING_VERSION = 1.0;
				PRODUCT_BUNDLE_IDENTIFIER = anishRangdal.FullFirebaseMapAnnotationsUITests;
				PRODUCT_NAME = "$(TARGET_NAME)";
				SWIFT_EMIT_LOC_STRINGS = NO;
				SWIFT_VERSION = 5.0;
				TARGETED_DEVICE_FAMILY = "1,2";
				TEST_TARGET_NAME = FullFirebaseMapAnnotations;
			};
			name = Debug;
		};
		51F9B76D28CEAAF6008CEF18 /* Release */ = {
			isa = XCBuildConfiguration;
			buildSettings = {
				ALWAYS_EMBED_SWIFT_STANDARD_LIBRARIES = YES;
				CODE_SIGN_STYLE = Automatic;
				CURRENT_PROJECT_VERSION = 1;
				DEVELOPMENT_TEAM = 7Y9NDQ7P65;
				GENERATE_INFOPLIST_FILE = YES;
				MARKETING_VERSION = 1.0;
				PRODUCT_BUNDLE_IDENTIFIER = anishRangdal.FullFirebaseMapAnnotationsUITests;
				PRODUCT_NAME = "$(TARGET_NAME)";
				SWIFT_EMIT_LOC_STRINGS = NO;
				SWIFT_VERSION = 5.0;
				TARGETED_DEVICE_FAMILY = "1,2";
				TEST_TARGET_NAME = FullFirebaseMapAnnotations;
			};
			name = Release;
		};
/* End XCBuildConfiguration section */

/* Begin XCConfigurationList section */
		51F9B73C28CEAAF5008CEF18 /* Build configuration list for PBXProject "FullFirebaseMapAnnotations" */ = {
			isa = XCConfigurationList;
			buildConfigurations = (
				51F9B76328CEAAF6008CEF18 /* Debug */,
				51F9B76428CEAAF6008CEF18 /* Release */,
			);
			defaultConfigurationIsVisible = 0;
			defaultConfigurationName = Release;
		};
		51F9B76528CEAAF6008CEF18 /* Build configuration list for PBXNativeTarget "FullFirebaseMapAnnotations" */ = {
			isa = XCConfigurationList;
			buildConfigurations = (
				51F9B76628CEAAF6008CEF18 /* Debug */,
				51F9B76728CEAAF6008CEF18 /* Release */,
			);
			defaultConfigurationIsVisible = 0;
			defaultConfigurationName = Release;
		};
		51F9B76828CEAAF6008CEF18 /* Build configuration list for PBXNativeTarget "FullFirebaseMapAnnotationsTests" */ = {
			isa = XCConfigurationList;
			buildConfigurations = (
				51F9B76928CEAAF6008CEF18 /* Debug */,
				51F9B76A28CEAAF6008CEF18 /* Release */,
			);
			defaultConfigurationIsVisible = 0;
			defaultConfigurationName = Release;
		};
		51F9B76B28CEAAF6008CEF18 /* Build configuration list for PBXNativeTarget "FullFirebaseMapAnnotationsUITests" */ = {
			isa = XCConfigurationList;
			buildConfigurations = (
				51F9B76C28CEAAF6008CEF18 /* Debug */,
				51F9B76D28CEAAF6008CEF18 /* Release */,
			);
			defaultConfigurationIsVisible = 0;
			defaultConfigurationName = Release;
		};
/* End XCConfigurationList section */

/* Begin XCRemoteSwiftPackageReference section */
		51D508F32906174400016D4C /* XCRemoteSwiftPackageReference "firebase-ios-sdk" */ = {
			isa = XCRemoteSwiftPackageReference;
			repositoryURL = "https://github.com/firebase/firebase-ios-sdk.git";
			requirement = {
				kind = upToNextMajorVersion;
				minimumVersion = 9.0.0;
			};
		};
/* End XCRemoteSwiftPackageReference section */

/* Begin XCSwiftPackageProductDependency section */
		51D508F42906174400016D4C /* FirebaseAnalytics */ = {
			isa = XCSwiftPackageProductDependency;
			package = 51D508F32906174400016D4C /* XCRemoteSwiftPackageReference "firebase-ios-sdk" */;
			productName = FirebaseAnalytics;
		};
		51D508F62906174400016D4C /* FirebaseAnalyticsOnDeviceConversion */ = {
			isa = XCSwiftPackageProductDependency;
			package = 51D508F32906174400016D4C /* XCRemoteSwiftPackageReference "firebase-ios-sdk" */;
			productName = FirebaseAnalyticsOnDeviceConversion;
		};
		51D508F82906174400016D4C /* FirebaseAnalyticsSwift */ = {
			isa = XCSwiftPackageProductDependency;
			package = 51D508F32906174400016D4C /* XCRemoteSwiftPackageReference "firebase-ios-sdk" */;
			productName = FirebaseAnalyticsSwift;
		};
		51D508FA2906174400016D4C /* FirebaseAnalyticsWithoutAdIdSupport */ = {
			isa = XCSwiftPackageProductDependency;
			package = 51D508F32906174400016D4C /* XCRemoteSwiftPackageReference "firebase-ios-sdk" */;
			productName = FirebaseAnalyticsWithoutAdIdSupport;
		};
		51D508FC2906174400016D4C /* FirebaseAppCheck */ = {
			isa = XCSwiftPackageProductDependency;
			package = 51D508F32906174400016D4C /* XCRemoteSwiftPackageReference "firebase-ios-sdk" */;
			productName = FirebaseAppCheck;
		};
		51D508FE2906174400016D4C /* FirebaseAppDistribution-Beta */ = {
			isa = XCSwiftPackageProductDependency;
			package = 51D508F32906174400016D4C /* XCRemoteSwiftPackageReference "firebase-ios-sdk" */;
			productName = "FirebaseAppDistribution-Beta";
		};
		51D509002906174400016D4C /* FirebaseAuth */ = {
			isa = XCSwiftPackageProductDependency;
			package = 51D508F32906174400016D4C /* XCRemoteSwiftPackageReference "firebase-ios-sdk" */;
			productName = FirebaseAuth;
		};
		51D509022906174400016D4C /* FirebaseAuthCombine-Community */ = {
			isa = XCSwiftPackageProductDependency;
			package = 51D508F32906174400016D4C /* XCRemoteSwiftPackageReference "firebase-ios-sdk" */;
			productName = "FirebaseAuthCombine-Community";
		};
		51D509042906174400016D4C /* FirebaseCrashlytics */ = {
			isa = XCSwiftPackageProductDependency;
			package = 51D508F32906174400016D4C /* XCRemoteSwiftPackageReference "firebase-ios-sdk" */;
			productName = FirebaseCrashlytics;
		};
		51D509062906174400016D4C /* FirebaseDatabase */ = {
			isa = XCSwiftPackageProductDependency;
			package = 51D508F32906174400016D4C /* XCRemoteSwiftPackageReference "firebase-ios-sdk" */;
			productName = FirebaseDatabase;
		};
		51D509082906174400016D4C /* FirebaseDatabaseSwift */ = {
			isa = XCSwiftPackageProductDependency;
			package = 51D508F32906174400016D4C /* XCRemoteSwiftPackageReference "firebase-ios-sdk" */;
			productName = FirebaseDatabaseSwift;
		};
		51D5090A2906174400016D4C /* FirebaseDynamicLinks */ = {
			isa = XCSwiftPackageProductDependency;
			package = 51D508F32906174400016D4C /* XCRemoteSwiftPackageReference "firebase-ios-sdk" */;
			productName = FirebaseDynamicLinks;
		};
		51D5090C2906174400016D4C /* FirebaseFirestore */ = {
			isa = XCSwiftPackageProductDependency;
			package = 51D508F32906174400016D4C /* XCRemoteSwiftPackageReference "firebase-ios-sdk" */;
			productName = FirebaseFirestore;
		};
		51D5090E2906174400016D4C /* FirebaseFirestoreCombine-Community */ = {
			isa = XCSwiftPackageProductDependency;
			package = 51D508F32906174400016D4C /* XCRemoteSwiftPackageReference "firebase-ios-sdk" */;
			productName = "FirebaseFirestoreCombine-Community";
		};
		51D509102906174400016D4C /* FirebaseFirestoreSwift */ = {
			isa = XCSwiftPackageProductDependency;
			package = 51D508F32906174400016D4C /* XCRemoteSwiftPackageReference "firebase-ios-sdk" */;
			productName = FirebaseFirestoreSwift;
		};
		51D509122906174400016D4C /* FirebaseFunctions */ = {
			isa = XCSwiftPackageProductDependency;
			package = 51D508F32906174400016D4C /* XCRemoteSwiftPackageReference "firebase-ios-sdk" */;
			productName = FirebaseFunctions;
		};
		51D509142906174400016D4C /* FirebaseFunctionsCombine-Community */ = {
			isa = XCSwiftPackageProductDependency;
			package = 51D508F32906174400016D4C /* XCRemoteSwiftPackageReference "firebase-ios-sdk" */;
			productName = "FirebaseFunctionsCombine-Community";
		};
		51D509162906174400016D4C /* FirebaseInAppMessaging-Beta */ = {
			isa = XCSwiftPackageProductDependency;
			package = 51D508F32906174400016D4C /* XCRemoteSwiftPackageReference "firebase-ios-sdk" */;
			productName = "FirebaseInAppMessaging-Beta";
		};
		51D509182906174400016D4C /* FirebaseInAppMessagingSwift-Beta */ = {
			isa = XCSwiftPackageProductDependency;
			package = 51D508F32906174400016D4C /* XCRemoteSwiftPackageReference "firebase-ios-sdk" */;
			productName = "FirebaseInAppMessagingSwift-Beta";
		};
		51D5091A2906174400016D4C /* FirebaseInstallations */ = {
			isa = XCSwiftPackageProductDependency;
			package = 51D508F32906174400016D4C /* XCRemoteSwiftPackageReference "firebase-ios-sdk" */;
			productName = FirebaseInstallations;
		};
		51D5091C2906174400016D4C /* FirebaseMLModelDownloader */ = {
			isa = XCSwiftPackageProductDependency;
			package = 51D508F32906174400016D4C /* XCRemoteSwiftPackageReference "firebase-ios-sdk" */;
			productName = FirebaseMLModelDownloader;
		};
		51D5091E2906174400016D4C /* FirebaseMessaging */ = {
			isa = XCSwiftPackageProductDependency;
			package = 51D508F32906174400016D4C /* XCRemoteSwiftPackageReference "firebase-ios-sdk" */;
			productName = FirebaseMessaging;
		};
		51D509202906174400016D4C /* FirebasePerformance */ = {
			isa = XCSwiftPackageProductDependency;
			package = 51D508F32906174400016D4C /* XCRemoteSwiftPackageReference "firebase-ios-sdk" */;
			productName = FirebasePerformance;
		};
		51D509222906174400016D4C /* FirebaseRemoteConfig */ = {
			isa = XCSwiftPackageProductDependency;
			package = 51D508F32906174400016D4C /* XCRemoteSwiftPackageReference "firebase-ios-sdk" */;
			productName = FirebaseRemoteConfig;
		};
		51D509242906174400016D4C /* FirebaseRemoteConfigSwift */ = {
			isa = XCSwiftPackageProductDependency;
			package = 51D508F32906174400016D4C /* XCRemoteSwiftPackageReference "firebase-ios-sdk" */;
			productName = FirebaseRemoteConfigSwift;
		};
		51D509262906174400016D4C /* FirebaseStorage */ = {
			isa = XCSwiftPackageProductDependency;
			package = 51D508F32906174400016D4C /* XCRemoteSwiftPackageReference "firebase-ios-sdk" */;
			productName = FirebaseStorage;
		};
		51D509282906174400016D4C /* FirebaseStorageCombine-Community */ = {
			isa = XCSwiftPackageProductDependency;
			package = 51D508F32906174400016D4C /* XCRemoteSwiftPackageReference "firebase-ios-sdk" */;
			productName = "FirebaseStorageCombine-Community";
		};
/* End XCSwiftPackageProductDependency section */
	};
	rootObject = 51F9B73928CEAAF5008CEF18 /* Project object */;
}
